
Microsoft Visual Studio Solution File, Format Version 12.00
# Visual Studio Version 17
VisualStudioVersion = 17.6.33815.320
MinimumVisualStudioVersion = 10.0.40219.1
Project("{FAE04EC0-301F-11D3-BF4B-00C04F79EFBC}") = "tictacgame", "tictacgame\tictacgame.csproj", "{42E56629-E301-4CC9-8AF4-A47E3F7EB19D}"
EndProject
Global
	GlobalSection(SolutionConfigurationPlatforms) = preSolution
		Debug|Any CPU = Debug|Any CPU
		Release|Any CPU = Release|Any CPU
	EndGlobalSection
	GlobalSection(ProjectConfigurationPlatforms) = postSolution
		{42E56629-E301-4CC9-8AF4-A47E3F7EB19D}.Debug|Any CPU.ActiveCfg = Debug|Any CPU
		{42E56629-E301-4CC9-8AF4-A47E3F7EB19D}.Debug|Any CPU.Build.0 = Debug|Any CPU
		{42E56629-E301-4CC9-8AF4-A47E3F7EB19D}.Release|Any CPU.ActiveCfg = Release|Any CPU
		{42E56629-E301-4CC9-8AF4-A47E3F7EB19D}.Release|Any CPU.Build.0 = Release|Any CPU
	EndGlobalSection
	GlobalSection(SolutionProperties) = preSolution
		HideSolutionNode = FALSE
	EndGlobalSection
	GlobalSection(ExtensibilityGlobals) = postSolution
		SolutionGuid = {740A2189-0280-41C8-ACFD-EBD6C4CFA545}
	EndGlobalSection
EndGlobal
